
Microsoft Visual Studio Solution File, Format Version 12.00
# Visual Studio 14
VisualStudioVersion = 14.0.25420.1
MinimumVisualStudioVersion = 10.0.40219.1
Project("{FAE04EC0-301F-11D3-BF4B-00C04F79EFBC}") = "DeveloperBlogAPI", "DeveloperBlogAPI\DeveloperBlogAPI.csproj", "{6B37C254-DCA5-4BE7-A99F-2D25D9C06676}"
EndProject
Project("{FAE04EC0-301F-11D3-BF4B-00C04F79EFBC}") = "DataAccess", "DataAccess\DataAccess\DataAccess.csproj", "{FEC13948-B066-4AF6-B646-07B64695A534}"
EndProject
Global
	GlobalSection(SolutionConfigurationPlatforms) = preSolution
		Debug|Any CPU = Debug|Any CPU
		Release|Any CPU = Release|Any CPU
	EndGlobalSection
	GlobalSection(ProjectConfigurationPlatforms) = postSolution
		{6B37C254-DCA5-4BE7-A99F-2D25D9C06676}.Debug|Any CPU.ActiveCfg = Debug|Any CPU
		{6B37C254-DCA5-4BE7-A99F-2D25D9C06676}.Debug|Any CPU.Build.0 = Debug|Any CPU
		{6B37C254-DCA5-4BE7-A99F-2D25D9C06676}.Release|Any CPU.ActiveCfg = Release|Any CPU
		{6B37C254-DCA5-4BE7-A99F-2D25D9C06676}.Release|Any CPU.Build.0 = Release|Any CPU
		{FEC13948-B066-4AF6-B646-07B64695A534}.Debug|Any CPU.ActiveCfg = Debug|Any CPU
		{FEC13948-B066-4AF6-B646-07B64695A534}.Debug|Any CPU.Build.0 = Debug|Any CPU
		{FEC13948-B066-4AF6-B646-07B64695A534}.Release|Any CPU.ActiveCfg = Release|Any CPU
		{FEC13948-B066-4AF6-B646-07B64695A534}.Release|Any CPU.Build.0 = Release|Any CPU
	EndGlobalSection
	GlobalSection(SolutionProperties) = preSolution
		HideSolutionNode = FALSE
	EndGlobalSection
EndGlobal
